
Microsoft Visual Studio Solution File, Format Version 12.00
# Visual Studio Version 16
VisualStudioVersion = 16.0.808.6
MinimumVisualStudioVersion = 10.0.40219.1
Project("{9A19103F-16F7-4668-BE54-9A1E7A4F7556}") = "H3", "src\H3\H3.csproj", "{85583C2E-3FAB-42DD-A57F-F16AD4DEB907}"
EndProject
Project("{9A19103F-16F7-4668-BE54-9A1E7A4F7556}") = "H3.Test", "test\H3.Test\H3.Test.csproj", "{E934FE31-FB98-414F-BBD8-525857927202}"
EndProject
Project("{9A19103F-16F7-4668-BE54-9A1E7A4F7556}") = "H3.Benchmarks", "test\H3.Benchmarks\H3.Benchmarks.csproj", "{7DD3EC1D-F4F5-4A63-801D-F1D82E740453}"
EndProject
Project("{FAE04EC0-301F-11D3-BF4B-00C04F79EFBC}") = "H3.Data", "src\H3.Data\H3.Data.csproj", "{C6A058BB-87EB-4048-93B1-CAC628AB5769}"
EndProject
Project("{2150E333-8FDC-42A3-9474-1A3956D46DE8}") = "test", "test", "{0C88DD14-F956-CE84-757C-A364CCF449FC}"
EndProject
Project("{2150E333-8FDC-42A3-9474-1A3956D46DE8}") = "H3.CompareBenchmarks", "H3.CompareBenchmarks", "{05FFF273-DD36-A87A-04BC-0CCE49E1EFC6}"
EndProject
Project("{2150E333-8FDC-42A3-9474-1A3956D46DE8}") = "current", "current", "{0CFE0DF6-65AB-23E3-ADEA-2433F5E2747D}"
EndProject
Project("{FAE04EC0-301F-11D3-BF4B-00C04F79EFBC}") = "H3.CompareBenchmarks.Current", "test\H3.CompareBenchmarks\current\H3.CompareBenchmarks.Current.csproj", "{7E3FB8DF-821A-4C7A-88A4-44903E69E64B}"
EndProject
Project("{2150E333-8FDC-42A3-9474-1A3956D46DE8}") = "src", "src", "{827E0CD3-B72D-47B6-A68D-7590B98EB39B}"
EndProject
Project("{2150E333-8FDC-42A3-9474-1A3956D46DE8}") = "v4.0.0", "v4.0.0", "{FBF898F0-5BA6-E1DA-C034-FE473887E076}"
EndProject
Project("{FAE04EC0-301F-11D3-BF4B-00C04F79EFBC}") = "H3.CompareBenchmarks.V400", "test\H3.CompareBenchmarks\v4.0.0\H3.CompareBenchmarks.V400.csproj", "{A9AC623E-2A75-4DBE-A718-A7F08D509FFF}"
EndProject
Global
	GlobalSection(SolutionConfigurationPlatforms) = preSolution
		Debug|Any CPU = Debug|Any CPU
		Debug|x64 = Debug|x64
		Debug|x86 = Debug|x86
		Release|Any CPU = Release|Any CPU
		Release|x64 = Release|x64
		Release|x86 = Release|x86
	EndGlobalSection
	GlobalSection(ProjectConfigurationPlatforms) = postSolution
		{85583C2E-3FAB-42DD-A57F-F16AD4DEB907}.Debug|Any CPU.ActiveCfg = Debug|Any CPU
		{85583C2E-3FAB-42DD-A57F-F16AD4DEB907}.Debug|Any CPU.Build.0 = Debug|Any CPU
		{85583C2E-3FAB-42DD-A57F-F16AD4DEB907}.Debug|x64.ActiveCfg = Debug|Any CPU
		{85583C2E-3FAB-42DD-A57F-F16AD4DEB907}.Debug|x64.Build.0 = Debug|Any CPU
		{85583C2E-3FAB-42DD-A57F-F16AD4DEB907}.Debug|x86.ActiveCfg = Debug|Any CPU
		{85583C2E-3FAB-42DD-A57F-F16AD4DEB907}.Debug|x86.Build.0 = Debug|Any CPU
		{85583C2E-3FAB-42DD-A57F-F16AD4DEB907}.Release|Any CPU.ActiveCfg = Release|Any CPU
		{85583C2E-3FAB-42DD-A57F-F16AD4DEB907}.Release|Any CPU.Build.0 = Release|Any CPU
		{85583C2E-3FAB-42DD-A57F-F16AD4DEB907}.Release|x64.ActiveCfg = Release|Any CPU
		{85583C2E-3FAB-42DD-A57F-F16AD4DEB907}.Release|x64.Build.0 = Release|Any CPU
		{85583C2E-3FAB-42DD-A57F-F16AD4DEB907}.Release|x86.ActiveCfg = Release|Any CPU
		{85583C2E-3FAB-42DD-A57F-F16AD4DEB907}.Release|x86.Build.0 = Release|Any CPU
		{E934FE31-FB98-414F-BBD8-525857927202}.Debug|Any CPU.ActiveCfg = Debug|Any CPU
		{E934FE31-FB98-414F-BBD8-525857927202}.Debug|Any CPU.Build.0 = Debug|Any CPU
		{E934FE31-FB98-414F-BBD8-525857927202}.Debug|x64.ActiveCfg = Debug|Any CPU
		{E934FE31-FB98-414F-BBD8-525857927202}.Debug|x64.Build.0 = Debug|Any CPU
		{E934FE31-FB98-414F-BBD8-525857927202}.Debug|x86.ActiveCfg = Debug|Any CPU
		{E934FE31-FB98-414F-BBD8-525857927202}.Debug|x86.Build.0 = Debug|Any CPU
		{E934FE31-FB98-414F-BBD8-525857927202}.Release|Any CPU.ActiveCfg = Release|Any CPU
		{E934FE31-FB98-414F-BBD8-525857927202}.Release|Any CPU.Build.0 = Release|Any CPU
		{E934FE31-FB98-414F-BBD8-525857927202}.Release|x64.ActiveCfg = Release|Any CPU
		{E934FE31-FB98-414F-BBD8-525857927202}.Release|x64.Build.0 = Release|Any CPU
		{E934FE31-FB98-414F-BBD8-525857927202}.Release|x86.ActiveCfg = Release|Any CPU
		{E934FE31-FB98-414F-BBD8-525857927202}.Release|x86.Build.0 = Release|Any CPU
		{7DD3EC1D-F4F5-4A63-801D-F1D82E740453}.Debug|Any CPU.ActiveCfg = Debug|Any CPU
		{7DD3EC1D-F4F5-4A63-801D-F1D82E740453}.Debug|Any CPU.Build.0 = Debug|Any CPU
		{7DD3EC1D-F4F5-4A63-801D-F1D82E740453}.Debug|x64.ActiveCfg = Debug|Any CPU
		{7DD3EC1D-F4F5-4A63-801D-F1D82E740453}.Debug|x64.Build.0 = Debug|Any CPU
		{7DD3EC1D-F4F5-4A63-801D-F1D82E740453}.Debug|x86.ActiveCfg = Debug|Any CPU
		{7DD3EC1D-F4F5-4A63-801D-F1D82E740453}.Debug|x86.Build.0 = Debug|Any CPU
		{7DD3EC1D-F4F5-4A63-801D-F1D82E740453}.Release|Any CPU.ActiveCfg = Release|Any CPU
		{7DD3EC1D-F4F5-4A63-801D-F1D82E740453}.Release|Any CPU.Build.0 = Release|Any CPU
		{7DD3EC1D-F4F5-4A63-801D-F1D82E740453}.Release|x64.ActiveCfg = Release|Any CPU
		{7DD3EC1D-F4F5-4A63-801D-F1D82E740453}.Release|x64.Build.0 = Release|Any CPU
		{7DD3EC1D-F4F5-4A63-801D-F1D82E740453}.Release|x86.ActiveCfg = Release|Any CPU
		{7DD3EC1D-F4F5-4A63-801D-F1D82E740453}.Release|x86.Build.0 = Release|Any CPU
		{C6A058BB-87EB-4048-93B1-CAC628AB5769}.Debug|Any CPU.ActiveCfg = Debug|Any CPU
		{C6A058BB-87EB-4048-93B1-CAC628AB5769}.Debug|Any CPU.Build.0 = Debug|Any CPU
		{C6A058BB-87EB-4048-93B1-CAC628AB5769}.Debug|x64.ActiveCfg = Debug|Any CPU
		{C6A058BB-87EB-4048-93B1-CAC628AB5769}.Debug|x64.Build.0 = Debug|Any CPU
		{C6A058BB-87EB-4048-93B1-CAC628AB5769}.Debug|x86.ActiveCfg = Debug|Any CPU
		{C6A058BB-87EB-4048-93B1-CAC628AB5769}.Debug|x86.Build.0 = Debug|Any CPU
		{C6A058BB-87EB-4048-93B1-CAC628AB5769}.Release|Any CPU.ActiveCfg = Release|Any CPU
		{C6A058BB-87EB-4048-93B1-CAC628AB5769}.Release|Any CPU.Build.0 = Release|Any CPU
		{C6A058BB-87EB-4048-93B1-CAC628AB5769}.Release|x64.ActiveCfg = Release|Any CPU
		{C6A058BB-87EB-4048-93B1-CAC628AB5769}.Release|x64.Build.0 = Release|Any CPU
		{C6A058BB-87EB-4048-93B1-CAC628AB5769}.Release|x86.ActiveCfg = Release|Any CPU
		{C6A058BB-87EB-4048-93B1-CAC628AB5769}.Release|x86.Build.0 = Release|Any CPU
		{7E3FB8DF-821A-4C7A-88A4-44903E69E64B}.Debug|Any CPU.ActiveCfg = Debug|Any CPU
		{7E3FB8DF-821A-4C7A-88A4-44903E69E64B}.Debug|Any CPU.Build.0 = Debug|Any CPU
		{7E3FB8DF-821A-4C7A-88A4-44903E69E64B}.Debug|x64.ActiveCfg = Debug|Any CPU
		{7E3FB8DF-821A-4C7A-88A4-44903E69E64B}.Debug|x64.Build.0 = Debug|Any CPU
		{7E3FB8DF-821A-4C7A-88A4-44903E69E64B}.Debug|x86.ActiveCfg = Debug|Any CPU
		{7E3FB8DF-821A-4C7A-88A4-44903E69E64B}.Debug|x86.Build.0 = Debug|Any CPU
		{7E3FB8DF-821A-4C7A-88A4-44903E69E64B}.Release|Any CPU.ActiveCfg = Release|Any CPU
		{7E3FB8DF-821A-4C7A-88A4-44903E69E64B}.Release|Any CPU.Build.0 = Release|Any CPU
		{7E3FB8DF-821A-4C7A-88A4-44903E69E64B}.Release|x64.ActiveCfg = Release|Any CPU
		{7E3FB8DF-821A-4C7A-88A4-44903E69E64B}.Release|x64.Build.0 = Release|Any CPU
		{7E3FB8DF-821A-4C7A-88A4-44903E69E64B}.Release|x86.ActiveCfg = Release|Any CPU
		{7E3FB8DF-821A-4C7A-88A4-44903E69E64B}.Release|x86.Build.0 = Release|Any CPU
		{A9AC623E-2A75-4DBE-A718-A7F08D509FFF}.Debug|Any CPU.ActiveCfg = Debug|Any CPU
		{A9AC623E-2A75-4DBE-A718-A7F08D509FFF}.Debug|Any CPU.Build.0 = Debug|Any CPU
		{A9AC623E-2A75-4DBE-A718-A7F08D509FFF}.Debug|x64.ActiveCfg = Debug|Any CPU
		{A9AC623E-2A75-4DBE-A718-A7F08D509FFF}.Debug|x64.Build.0 = Debug|Any CPU
		{A9AC623E-2A75-4DBE-A718-A7F08D509FFF}.Debug|x86.ActiveCfg = Debug|Any CPU
		{A9AC623E-2A75-4DBE-A718-A7F08D509FFF}.Debug|x86.Build.0 = Debug|Any CPU
		{A9AC623E-2A75-4DBE-A718-A7F08D509FFF}.Release|Any CPU.ActiveCfg = Release|Any CPU
		{A9AC623E-2A75-4DBE-A718-A7F08D509FFF}.Release|Any CPU.Build.0 = Release|Any CPU
		{A9AC623E-2A75-4DBE-A718-A7F08D509FFF}.Release|x64.ActiveCfg = Release|Any CPU
		{A9AC623E-2A75-4DBE-A718-A7F08D509FFF}.Release|x64.Build.0 = Release|Any CPU
		{A9AC623E-2A75-4DBE-A718-A7F08D509FFF}.Release|x86.ActiveCfg = Release|Any CPU
		{A9AC623E-2A75-4DBE-A718-A7F08D509FFF}.Release|x86.Build.0 = Release|Any CPU
	EndGlobalSection
	GlobalSection(SolutionProperties) = preSolution
		HideSolutionNode = FALSE
	EndGlobalSection
	GlobalSection(NestedProjects) = preSolution
		{05FFF273-DD36-A87A-04BC-0CCE49E1EFC6} = {0C88DD14-F956-CE84-757C-A364CCF449FC}
		{0CFE0DF6-65AB-23E3-ADEA-2433F5E2747D} = {05FFF273-DD36-A87A-04BC-0CCE49E1EFC6}
		{7E3FB8DF-821A-4C7A-88A4-44903E69E64B} = {0CFE0DF6-65AB-23E3-ADEA-2433F5E2747D}
		{FBF898F0-5BA6-E1DA-C034-FE473887E076} = {05FFF273-DD36-A87A-04BC-0CCE49E1EFC6}
		{A9AC623E-2A75-4DBE-A718-A7F08D509FFF} = {FBF898F0-5BA6-E1DA-C034-FE473887E076}
	EndGlobalSection
	GlobalSection(ExtensibilityGlobals) = postSolution
		SolutionGuid = {9D99244E-F983-46E7-A923-B397B7FD7840}
	EndGlobalSection
EndGlobal
