
Microsoft Visual Studio Solution File, Format Version 12.00
# Visual Studio Version 16
VisualStudioVersion = 16.0.808.6
MinimumVisualStudioVersion = 10.0.40219.1
Project("{9A19103F-16F7-4668-BE54-9A1E7A4F7556}") = "H3", "src\H3\H3.csproj", "{85583C2E-3FAB-42DD-A57F-F16AD4DEB907}"
EndProject
Project("{9A19103F-16F7-4668-BE54-9A1E7A4F7556}") = "H3.Test", "test\H3.Test\H3.Test.csproj", "{E934FE31-FB98-414F-BBD8-525857927202}"
EndProject
Project("{FAE04EC0-301F-11D3-BF4B-00C04F79EFBC}") = "H3.Data", "src\H3.Data\H3.Data.csproj", "{C6A058BB-87EB-4048-93B1-CAC628AB5769}"
EndProject
Project("{2150E333-8FDC-42A3-9474-1A3956D46DE8}") = "benchmarks", "benchmarks", "{66320409-64EC-F7C5-3DEF-65E7510DAAD1}"
EndProject
Project("{FAE04EC0-301F-11D3-BF4B-00C04F79EFBC}") = "H3.Benchmarks", "benchmarks\H3.Benchmarks\H3.Benchmarks.csproj", "{345112CA-C5A8-4634-BD4F-E6DBD14D5FE9}"
EndProject
Project("{2150E333-8FDC-42A3-9474-1A3956D46DE8}") = "H3.CompareBenchmarks", "H3.CompareBenchmarks", "{78956DCD-8DDE-CBE4-D850-D17F1217C6FB}"
EndProject
Project("{2150E333-8FDC-42A3-9474-1A3956D46DE8}") = "current", "current", "{2AD54BE3-BA77-D973-B8A0-95F052C07757}"
EndProject
Project("{FAE04EC0-301F-11D3-BF4B-00C04F79EFBC}") = "H3.CompareBenchmarks.Current", "benchmarks\H3.CompareBenchmarks\current\H3.CompareBenchmarks.Current.csproj", "{14366C94-49A8-444C-A0CC-FB0B6D3F62CA}"
EndProject
Project("{2150E333-8FDC-42A3-9474-1A3956D46DE8}") = "src", "src", "{827E0CD3-B72D-47B6-A68D-7590B98EB39B}"
EndProject
Project("{2150E333-8FDC-42A3-9474-1A3956D46DE8}") = "v4.0.0", "v4.0.0", "{A7D3087C-14D3-3231-012B-3E374BF53D11}"
EndProject
Project("{FAE04EC0-301F-11D3-BF4B-00C04F79EFBC}") = "H3.CompareBenchmarks.V400", "benchmarks\H3.CompareBenchmarks\v4.0.0\H3.CompareBenchmarks.V400.csproj", "{F03E4B85-5F96-4CB7-8C33-48E5C0B74B8B}"
EndProject
Project("{FAE04EC0-301F-11D3-BF4B-00C04F79EFBC}") = "H3.NativeCompare", "benchmarks\H3.NativeCompare\H3.NativeCompare.csproj", "{76AD0711-9F30-4390-8B2F-635893F6B862}"
EndProject
Global
	GlobalSection(SolutionConfigurationPlatforms) = preSolution
		Debug|Any CPU = Debug|Any CPU
		Debug|x64 = Debug|x64
		Debug|x86 = Debug|x86
		Release|Any CPU = Release|Any CPU
		Release|x64 = Release|x64
		Release|x86 = Release|x86
	EndGlobalSection
	GlobalSection(ProjectConfigurationPlatforms) = postSolution
		{85583C2E-3FAB-42DD-A57F-F16AD4DEB907}.Debug|Any CPU.ActiveCfg = Debug|Any CPU
		{85583C2E-3FAB-42DD-A57F-F16AD4DEB907}.Debug|Any CPU.Build.0 = Debug|Any CPU
		{85583C2E-3FAB-42DD-A57F-F16AD4DEB907}.Debug|x64.ActiveCfg = Debug|Any CPU
		{85583C2E-3FAB-42DD-A57F-F16AD4DEB907}.Debug|x64.Build.0 = Debug|Any CPU
		{85583C2E-3FAB-42DD-A57F-F16AD4DEB907}.Debug|x86.ActiveCfg = Debug|Any CPU
		{85583C2E-3FAB-42DD-A57F-F16AD4DEB907}.Debug|x86.Build.0 = Debug|Any CPU
		{85583C2E-3FAB-42DD-A57F-F16AD4DEB907}.Release|Any CPU.ActiveCfg = Release|Any CPU
		{85583C2E-3FAB-42DD-A57F-F16AD4DEB907}.Release|Any CPU.Build.0 = Release|Any CPU
		{85583C2E-3FAB-42DD-A57F-F16AD4DEB907}.Release|x64.ActiveCfg = Release|Any CPU
		{85583C2E-3FAB-42DD-A57F-F16AD4DEB907}.Release|x64.Build.0 = Release|Any CPU
		{85583C2E-3FAB-42DD-A57F-F16AD4DEB907}.Release|x86.ActiveCfg = Release|Any CPU
		{85583C2E-3FAB-42DD-A57F-F16AD4DEB907}.Release|x86.Build.0 = Release|Any CPU
		{E934FE31-FB98-414F-BBD8-525857927202}.Debug|Any CPU.ActiveCfg = Debug|Any CPU
		{E934FE31-FB98-414F-BBD8-525857927202}.Debug|Any CPU.Build.0 = Debug|Any CPU
		{E934FE31-FB98-414F-BBD8-525857927202}.Debug|x64.ActiveCfg = Debug|Any CPU
		{E934FE31-FB98-414F-BBD8-525857927202}.Debug|x64.Build.0 = Debug|Any CPU
		{E934FE31-FB98-414F-BBD8-525857927202}.Debug|x86.ActiveCfg = Debug|Any CPU
		{E934FE31-FB98-414F-BBD8-525857927202}.Debug|x86.Build.0 = Debug|Any CPU
		{E934FE31-FB98-414F-BBD8-525857927202}.Release|Any CPU.ActiveCfg = Release|Any CPU
		{E934FE31-FB98-414F-BBD8-525857927202}.Release|Any CPU.Build.0 = Release|Any CPU
		{E934FE31-FB98-414F-BBD8-525857927202}.Release|x64.ActiveCfg = Release|Any CPU
		{E934FE31-FB98-414F-BBD8-525857927202}.Release|x64.Build.0 = Release|Any CPU
		{E934FE31-FB98-414F-BBD8-525857927202}.Release|x86.ActiveCfg = Release|Any CPU
		{E934FE31-FB98-414F-BBD8-525857927202}.Release|x86.Build.0 = Release|Any CPU
		{C6A058BB-87EB-4048-93B1-CAC628AB5769}.Debug|Any CPU.ActiveCfg = Debug|Any CPU
		{C6A058BB-87EB-4048-93B1-CAC628AB5769}.Debug|Any CPU.Build.0 = Debug|Any CPU
		{C6A058BB-87EB-4048-93B1-CAC628AB5769}.Debug|x64.ActiveCfg = Debug|Any CPU
		{C6A058BB-87EB-4048-93B1-CAC628AB5769}.Debug|x64.Build.0 = Debug|Any CPU
		{C6A058BB-87EB-4048-93B1-CAC628AB5769}.Debug|x86.ActiveCfg = Debug|Any CPU
		{C6A058BB-87EB-4048-93B1-CAC628AB5769}.Debug|x86.Build.0 = Debug|Any CPU
		{C6A058BB-87EB-4048-93B1-CAC628AB5769}.Release|Any CPU.ActiveCfg = Release|Any CPU
		{C6A058BB-87EB-4048-93B1-CAC628AB5769}.Release|Any CPU.Build.0 = Release|Any CPU
		{C6A058BB-87EB-4048-93B1-CAC628AB5769}.Release|x64.ActiveCfg = Release|Any CPU
		{C6A058BB-87EB-4048-93B1-CAC628AB5769}.Release|x64.Build.0 = Release|Any CPU
		{C6A058BB-87EB-4048-93B1-CAC628AB5769}.Release|x86.ActiveCfg = Release|Any CPU
		{C6A058BB-87EB-4048-93B1-CAC628AB5769}.Release|x86.Build.0 = Release|Any CPU
		{345112CA-C5A8-4634-BD4F-E6DBD14D5FE9}.Debug|Any CPU.ActiveCfg = Debug|Any CPU
		{345112CA-C5A8-4634-BD4F-E6DBD14D5FE9}.Debug|Any CPU.Build.0 = Debug|Any CPU
		{345112CA-C5A8-4634-BD4F-E6DBD14D5FE9}.Debug|x64.ActiveCfg = Debug|Any CPU
		{345112CA-C5A8-4634-BD4F-E6DBD14D5FE9}.Debug|x64.Build.0 = Debug|Any CPU
		{345112CA-C5A8-4634-BD4F-E6DBD14D5FE9}.Debug|x86.ActiveCfg = Debug|Any CPU
		{345112CA-C5A8-4634-BD4F-E6DBD14D5FE9}.Debug|x86.Build.0 = Debug|Any CPU
		{345112CA-C5A8-4634-BD4F-E6DBD14D5FE9}.Release|Any CPU.ActiveCfg = Release|Any CPU
		{345112CA-C5A8-4634-BD4F-E6DBD14D5FE9}.Release|Any CPU.Build.0 = Release|Any CPU
		{345112CA-C5A8-4634-BD4F-E6DBD14D5FE9}.Release|x64.ActiveCfg = Release|Any CPU
		{345112CA-C5A8-4634-BD4F-E6DBD14D5FE9}.Release|x64.Build.0 = Release|Any CPU
		{345112CA-C5A8-4634-BD4F-E6DBD14D5FE9}.Release|x86.ActiveCfg = Release|Any CPU
		{345112CA-C5A8-4634-BD4F-E6DBD14D5FE9}.Release|x86.Build.0 = Release|Any CPU
		{14366C94-49A8-444C-A0CC-FB0B6D3F62CA}.Debug|Any CPU.ActiveCfg = Debug|Any CPU
		{14366C94-49A8-444C-A0CC-FB0B6D3F62CA}.Debug|Any CPU.Build.0 = Debug|Any CPU
		{14366C94-49A8-444C-A0CC-FB0B6D3F62CA}.Debug|x64.ActiveCfg = Debug|Any CPU
		{14366C94-49A8-444C-A0CC-FB0B6D3F62CA}.Debug|x64.Build.0 = Debug|Any CPU
		{14366C94-49A8-444C-A0CC-FB0B6D3F62CA}.Debug|x86.ActiveCfg = Debug|Any CPU
		{14366C94-49A8-444C-A0CC-FB0B6D3F62CA}.Debug|x86.Build.0 = Debug|Any CPU
		{14366C94-49A8-444C-A0CC-FB0B6D3F62CA}.Release|Any CPU.ActiveCfg = Release|Any CPU
		{14366C94-49A8-444C-A0CC-FB0B6D3F62CA}.Release|Any CPU.Build.0 = Release|Any CPU
		{14366C94-49A8-444C-A0CC-FB0B6D3F62CA}.Release|x64.ActiveCfg = Release|Any CPU
		{14366C94-49A8-444C-A0CC-FB0B6D3F62CA}.Release|x64.Build.0 = Release|Any CPU
		{14366C94-49A8-444C-A0CC-FB0B6D3F62CA}.Release|x86.ActiveCfg = Release|Any CPU
		{14366C94-49A8-444C-A0CC-FB0B6D3F62CA}.Release|x86.Build.0 = Release|Any CPU
		{F03E4B85-5F96-4CB7-8C33-48E5C0B74B8B}.Debug|Any CPU.ActiveCfg = Debug|Any CPU
		{F03E4B85-5F96-4CB7-8C33-48E5C0B74B8B}.Debug|Any CPU.Build.0 = Debug|Any CPU
		{F03E4B85-5F96-4CB7-8C33-48E5C0B74B8B}.Debug|x64.ActiveCfg = Debug|Any CPU
		{F03E4B85-5F96-4CB7-8C33-48E5C0B74B8B}.Debug|x64.Build.0 = Debug|Any CPU
		{F03E4B85-5F96-4CB7-8C33-48E5C0B74B8B}.Debug|x86.ActiveCfg = Debug|Any CPU
		{F03E4B85-5F96-4CB7-8C33-48E5C0B74B8B}.Debug|x86.Build.0 = Debug|Any CPU
		{F03E4B85-5F96-4CB7-8C33-48E5C0B74B8B}.Release|Any CPU.ActiveCfg = Release|Any CPU
		{F03E4B85-5F96-4CB7-8C33-48E5C0B74B8B}.Release|Any CPU.Build.0 = Release|Any CPU
		{F03E4B85-5F96-4CB7-8C33-48E5C0B74B8B}.Release|x64.ActiveCfg = Release|Any CPU
		{F03E4B85-5F96-4CB7-8C33-48E5C0B74B8B}.Release|x64.Build.0 = Release|Any CPU
		{F03E4B85-5F96-4CB7-8C33-48E5C0B74B8B}.Release|x86.ActiveCfg = Release|Any CPU
		{F03E4B85-5F96-4CB7-8C33-48E5C0B74B8B}.Release|x86.Build.0 = Release|Any CPU
		{76AD0711-9F30-4390-8B2F-635893F6B862}.Debug|Any CPU.ActiveCfg = Debug|Any CPU
		{76AD0711-9F30-4390-8B2F-635893F6B862}.Debug|Any CPU.Build.0 = Debug|Any CPU
		{76AD0711-9F30-4390-8B2F-635893F6B862}.Debug|x64.ActiveCfg = Debug|Any CPU
		{76AD0711-9F30-4390-8B2F-635893F6B862}.Debug|x64.Build.0 = Debug|Any CPU
		{76AD0711-9F30-4390-8B2F-635893F6B862}.Debug|x86.ActiveCfg = Debug|Any CPU
		{76AD0711-9F30-4390-8B2F-635893F6B862}.Debug|x86.Build.0 = Debug|Any CPU
		{76AD0711-9F30-4390-8B2F-635893F6B862}.Release|Any CPU.ActiveCfg = Release|Any CPU
		{76AD0711-9F30-4390-8B2F-635893F6B862}.Release|Any CPU.Build.0 = Release|Any CPU
		{76AD0711-9F30-4390-8B2F-635893F6B862}.Release|x64.ActiveCfg = Release|Any CPU
		{76AD0711-9F30-4390-8B2F-635893F6B862}.Release|x64.Build.0 = Release|Any CPU
		{76AD0711-9F30-4390-8B2F-635893F6B862}.Release|x86.ActiveCfg = Release|Any CPU
		{76AD0711-9F30-4390-8B2F-635893F6B862}.Release|x86.Build.0 = Release|Any CPU
	EndGlobalSection
	GlobalSection(SolutionProperties) = preSolution
		HideSolutionNode = FALSE
	EndGlobalSection
	GlobalSection(NestedProjects) = preSolution
		{345112CA-C5A8-4634-BD4F-E6DBD14D5FE9} = {66320409-64EC-F7C5-3DEF-65E7510DAAD1}
		{78956DCD-8DDE-CBE4-D850-D17F1217C6FB} = {66320409-64EC-F7C5-3DEF-65E7510DAAD1}
		{2AD54BE3-BA77-D973-B8A0-95F052C07757} = {78956DCD-8DDE-CBE4-D850-D17F1217C6FB}
		{14366C94-49A8-444C-A0CC-FB0B6D3F62CA} = {2AD54BE3-BA77-D973-B8A0-95F052C07757}
		{A7D3087C-14D3-3231-012B-3E374BF53D11} = {78956DCD-8DDE-CBE4-D850-D17F1217C6FB}
		{F03E4B85-5F96-4CB7-8C33-48E5C0B74B8B} = {A7D3087C-14D3-3231-012B-3E374BF53D11}
		{76AD0711-9F30-4390-8B2F-635893F6B862} = {66320409-64EC-F7C5-3DEF-65E7510DAAD1}
	EndGlobalSection
	GlobalSection(ExtensibilityGlobals) = postSolution
		SolutionGuid = {9D99244E-F983-46E7-A923-B397B7FD7840}
	EndGlobalSection
EndGlobal
